{
  "nodes": {
    "disko": {
      "inputs": {
        "nixpkgs": [
          "nixpkgs"
        ]
      },
      "locked": {
        "lastModified": 1747274630,
        "narHash": "sha256-87RJwXbfOHyzTB9LYagAQ6vOZhszCvd8Gvudu+gf3qo=",
        "owner": "nix-community",
        "repo": "disko",
        "rev": "ec7c109a4f794fce09aad87239eab7f66540b888",
        "type": "github"
      },
      "original": {
        "owner": "nix-community",
        "repo": "disko",
        "type": "github"
      }
    },
    "home-manager": {
      "inputs": {
        "nixpkgs": [
          "nixpkgs"
        ]
      },
      "locked": {
        "lastModified": 1747331121,
        "narHash": "sha256-3MmiUN/jOHBHQUnjqzg6qKArc17j2OS6jisEppDY4g8=",
        "owner": "nix-community",
        "repo": "home-manager",
        "rev": "1eec32f0efe3b830927989767a9e6ece0d82d608",
        "type": "github"
      },
      "original": {
        "owner": "nix-community",
        "ref": "release-24.11",
        "repo": "home-manager",
        "type": "github"
      }
    },
    "nixpkgs": {
      "locked": {
        "lastModified": 1747485343,
        "narHash": "sha256-YbsZyuRE1tobO9sv0PUwg81QryYo3L1F3R3rF9bcG38=",
        "owner": "nixos",
        "repo": "nixpkgs",
        "rev": "9b5ac7ad45298d58640540d0323ca217f32a6762",
        "type": "github"
      },
      "original": {
        "owner": "nixos",
        "ref": "release-24.11",
        "repo": "nixpkgs",
        "type": "github"
      }
    },
    "openpgp-key": {
      "flake": false,
      "locked": {
        "narHash": "sha256-Oz+cHPKOt3PAzxxZQUkmOmRkKmwTAMn9NIu4RdbGX+8=",
        "type": "file",
        "url": "https://francescosaccone.com/public/francescosaccone.asc"
      },
      "original": {
        "type": "file",
        "url": "https://francescosaccone.com/public/francescosaccone.asc"
      }
    },
    "password-store": {
      "flake": false,
      "locked": {
        "lastModified": 1748717089,
        "narHash": "sha256-elPx7y7s1EdDjPnZ5xZpW/KkpuunM2XU7HR4ERnvgeg=",
        "ref": "refs/heads/master",
        "rev": "d6f1832f393fc4693bfb76c17a96951da5fa6776",
        "revCount": 16,
        "type": "git",
        "url": "git://git.francescosaccone.com/password-store"
      },
      "original": {
        "type": "git",
        "url": "git://git.francescosaccone.com/password-store"
      }
    },
    "root": {
      "inputs": {
        "disko": "disko",
        "home-manager": "home-manager",
        "nixpkgs": "nixpkgs",
        "openpgp-key": "openpgp-key",
        "password-store": "password-store",
        "site": "site",
        "treefmt-nix": "treefmt-nix"
      }
    },
    "site": {
      "flake": false,
      "locked": {
        "lastModified": 1748504693,
        "narHash": "sha256-S720DJEh9vxkwJEkERO1sNSUAOaHoejhwinm6EB2njY=",
        "ref": "refs/heads/master",
        "rev": "785af4cf5f56068f246ad653a59bede80af8afe4",
        "revCount": 80,
        "type": "git",
        "url": "git://git.francescosaccone.com/site"
      },
      "original": {
        "type": "git",
        "url": "git://git.francescosaccone.com/site"
      }
    },
    "treefmt-nix": {
      "inputs": {
        "nixpkgs": [
          "nixpkgs"
        ]
      },
      "locked": {
        "lastModified": 1747469671,
        "narHash": "sha256-bo1ptiFoNqm6m1B2iAhJmWCBmqveLVvxom6xKmtuzjg=",
        "owner": "numtide",
        "repo": "treefmt-nix",
        "rev": "ab0378b61b0d85e73a8ab05d5c6029b5bd58c9fb",
        "type": "github"
      },
      "original": {
        "owner": "numtide",
        "repo": "treefmt-nix",
        "type": "github"
      }
    }
  },
  "root": "root",
  "version": 7
}
