{
  "nodes": {
    "disko": {
      "inputs": {
        "nixpkgs": [
          "nixpkgs"
        ]
      },
      "locked": {
        "lastModified": 1760701190,
        "narHash": "sha256-y7UhnWlER8r776JsySqsbTUh2Txf7K30smfHlqdaIQw=",
        "owner": "nix-community",
        "repo": "disko",
        "rev": "3a9450b26e69dcb6f8de6e2b07b3fc1c288d85f5",
        "type": "github"
      },
      "original": {
        "owner": "nix-community",
        "repo": "disko",
        "type": "github"
      }
    },
    "home-manager": {
      "inputs": {
        "nixpkgs": [
          "nixpkgs"
        ]
      },
      "locked": {
        "lastModified": 1758463745,
        "narHash": "sha256-uhzsV0Q0I9j2y/rfweWeGif5AWe0MGrgZ/3TjpDYdGA=",
        "owner": "nix-community",
        "repo": "home-manager",
        "rev": "3b955f5f0a942f9f60cdc9cacb7844335d0f21c3",
        "type": "github"
      },
      "original": {
        "owner": "nix-community",
        "ref": "release-25.05",
        "repo": "home-manager",
        "type": "github"
      }
    },
    "nixpkgs": {
      "locked": {
        "lastModified": 1761740522,
        "narHash": "sha256-HyMseUgEHXO+o/kDBwTkJmZhM7EA9o5t4QYQm/Hquek=",
        "owner": "nixos",
        "repo": "nixpkgs",
        "rev": "22c80c6334442244dcfcf387b8724c7878f058be",
        "type": "github"
      },
      "original": {
        "owner": "nixos",
        "ref": "release-25.05",
        "repo": "nixpkgs",
        "type": "github"
      }
    },
    "openpgp-key": {
      "flake": false,
      "locked": {
        "narHash": "sha256-RAzlsf7gL03ruldDG6tZqF6/H7FsFH7zbx+sxS9hjjE=",
        "type": "file",
        "url": "https://francescosaccone.com/public/francescosaccone.asc"
      },
      "original": {
        "type": "file",
        "url": "https://francescosaccone.com/public/francescosaccone.asc"
      }
    },
    "root": {
      "inputs": {
        "disko": "disko",
        "home-manager": "home-manager",
        "nixpkgs": "nixpkgs",
        "openpgp-key": "openpgp-key",
        "site": "site",
        "treefmt-nix": "treefmt-nix"
      }
    },
    "site": {
      "flake": false,
      "locked": {
        "lastModified": 1761915785,
        "narHash": "sha256-z940mEq+0Y3VmJzqsIrLKj1hdZ79tWswjGfdtg/5G+I=",
        "ref": "refs/heads/master",
        "rev": "3a40f472b26c6f390f7b6a578f89797356de7139",
        "revCount": 150,
        "type": "git",
        "url": "git://francescosaccone.com/site"
      },
      "original": {
        "type": "git",
        "url": "git://francescosaccone.com/site"
      }
    },
    "treefmt-nix": {
      "inputs": {
        "nixpkgs": [
          "nixpkgs"
        ]
      },
      "locked": {
        "lastModified": 1761311587,
        "narHash": "sha256-Msq86cR5SjozQGCnC6H8C+0cD4rnx91BPltZ9KK613Y=",
        "owner": "numtide",
        "repo": "treefmt-nix",
        "rev": "2eddae033e4e74bf581c2d1dfa101f9033dbd2dc",
        "type": "github"
      },
      "original": {
        "owner": "numtide",
        "repo": "treefmt-nix",
        "type": "github"
      }
    }
  },
  "root": "root",
  "version": 7
}
