{
  "nodes": {
    "disko": {
      "inputs": {
        "nixpkgs": [
          "nixpkgs"
        ]
      },
      "locked": {
        "lastModified": 1740485968,
        "narHash": "sha256-WK+PZHbfDjLyveXAxpnrfagiFgZWaTJglewBWniTn2Y=",
        "owner": "nix-community",
        "repo": "disko",
        "rev": "19c1140419c4f1cdf88ad4c1cfb6605597628940",
        "type": "github"
      },
      "original": {
        "owner": "nix-community",
        "repo": "disko",
        "type": "github"
      }
    },
    "home-manager": {
      "inputs": {
        "nixpkgs": [
          "nixpkgs"
        ]
      },
      "locked": {
        "lastModified": 1739757849,
        "narHash": "sha256-Gs076ot1YuAAsYVcyidLKUMIc4ooOaRGO0PqTY7sBzA=",
        "owner": "nix-community",
        "repo": "home-manager",
        "rev": "9d3d080aec2a35e05a15cedd281c2384767c2cfe",
        "type": "github"
      },
      "original": {
        "owner": "nix-community",
        "ref": "release-24.11",
        "repo": "home-manager",
        "type": "github"
      }
    },
    "nixpkgs": {
      "locked": {
        "lastModified": 1741540914,
        "narHash": "sha256-Cs6uawZoV3mboy+FCJiWJhnsbRRaatEI8Yp6pqKAwSk=",
        "owner": "nixos",
        "repo": "nixpkgs",
        "rev": "6182141a6f8244d89c015eeacef64124273cfa33",
        "type": "github"
      },
      "original": {
        "owner": "nixos",
        "ref": "release-24.11",
        "repo": "nixpkgs",
        "type": "github"
      }
    },
    "password-store": {
      "flake": false,
      "locked": {
        "lastModified": 1741456296,
        "narHash": "sha256-brBmpzA+Kxuj37ggWWKmWU9eqOGMtqgRvj0L8p+WAwU=",
        "ref": "refs/heads/master",
        "rev": "7704f80e16e4ecb0a7c9dce153aca04d3c458284",
        "revCount": 4,
        "type": "git",
        "url": "git://francescosaccone.com/password-store"
      },
      "original": {
        "type": "git",
        "url": "git://francescosaccone.com/password-store"
      }
    },
    "root": {
      "inputs": {
        "disko": "disko",
        "home-manager": "home-manager",
        "nixpkgs": "nixpkgs",
        "password-store": "password-store",
        "site": "site",
        "treefmt-nix": "treefmt-nix"
      }
    },
    "site": {
      "flake": false,
      "locked": {
        "lastModified": 1742286802,
        "narHash": "sha256-oj+4dXuQlobV+o5MB1W+a0aV0JWp1kn+PPAic4bKhv8=",
        "ref": "refs/heads/master",
        "rev": "0dda89c53c99ee67c380f2a300d0829d890c46f6",
        "revCount": 63,
        "type": "git",
        "url": "git://francescosaccone.com/site"
      },
      "original": {
        "type": "git",
        "url": "git://francescosaccone.com/site"
      }
    },
    "treefmt-nix": {
      "inputs": {
        "nixpkgs": [
          "nixpkgs"
        ]
      },
      "locked": {
        "lastModified": 1739829690,
        "narHash": "sha256-mL1szCeIsjh6Khn3nH2cYtwO5YXG6gBiTw1A30iGeDU=",
        "owner": "numtide",
        "repo": "treefmt-nix",
        "rev": "3d0579f5cc93436052d94b73925b48973a104204",
        "type": "github"
      },
      "original": {
        "owner": "numtide",
        "repo": "treefmt-nix",
        "type": "github"
      }
    }
  },
  "root": "root",
  "version": 7
}
